
Microsoft Visual Studio Solution File, Format Version 12.00
# Visual Studio Version 17
VisualStudioVersion = 17.14.36408.4 d17.14
MinimumVisualStudioVersion = 10.0.40219.1
Project("{FAE04EC0-301F-11D3-BF4B-00C04F79EFBC}") = "DVLD_Desktop", "DVLD_Desktop\DVLD_Desktop.csproj", "{49D03458-EF8A-45F1-AE4D-8752C4D45EDB}"
EndProject
Project("{FAE04EC0-301F-11D3-BF4B-00C04F79EFBC}") = "DVLD_Business_Layer", "DVLD_Business_Layer\DVLD_Business_Layer.csproj", "{2350FE8E-423A-402A-A48E-89C727632A26}"
EndProject
Project("{FAE04EC0-301F-11D3-BF4B-00C04F79EFBC}") = "DVLD_Data_Access_Layer", "DVLD_Data_Access_Layer\DVLD_Data_Access_Layer.csproj", "{22C99BC9-9BD8-4BEB-AE3F-8720F0F3C958}"
EndProject
Global
	GlobalSection(SolutionConfigurationPlatforms) = preSolution
		Debug|Any CPU = Debug|Any CPU
		Release|Any CPU = Release|Any CPU
	EndGlobalSection
	GlobalSection(ProjectConfigurationPlatforms) = postSolution
		{49D03458-EF8A-45F1-AE4D-8752C4D45EDB}.Debug|Any CPU.ActiveCfg = Debug|Any CPU
		{49D03458-EF8A-45F1-AE4D-8752C4D45EDB}.Debug|Any CPU.Build.0 = Debug|Any CPU
		{49D03458-EF8A-45F1-AE4D-8752C4D45EDB}.Release|Any CPU.ActiveCfg = Release|Any CPU
		{49D03458-EF8A-45F1-AE4D-8752C4D45EDB}.Release|Any CPU.Build.0 = Release|Any CPU
		{2350FE8E-423A-402A-A48E-89C727632A26}.Debug|Any CPU.ActiveCfg = Debug|Any CPU
		{2350FE8E-423A-402A-A48E-89C727632A26}.Debug|Any CPU.Build.0 = Debug|Any CPU
		{2350FE8E-423A-402A-A48E-89C727632A26}.Release|Any CPU.ActiveCfg = Release|Any CPU
		{2350FE8E-423A-402A-A48E-89C727632A26}.Release|Any CPU.Build.0 = Release|Any CPU
		{22C99BC9-9BD8-4BEB-AE3F-8720F0F3C958}.Debug|Any CPU.ActiveCfg = Debug|Any CPU
		{22C99BC9-9BD8-4BEB-AE3F-8720F0F3C958}.Debug|Any CPU.Build.0 = Debug|Any CPU
		{22C99BC9-9BD8-4BEB-AE3F-8720F0F3C958}.Release|Any CPU.ActiveCfg = Release|Any CPU
		{22C99BC9-9BD8-4BEB-AE3F-8720F0F3C958}.Release|Any CPU.Build.0 = Release|Any CPU
	EndGlobalSection
	GlobalSection(SolutionProperties) = preSolution
		HideSolutionNode = FALSE
	EndGlobalSection
	GlobalSection(ExtensibilityGlobals) = postSolution
		SolutionGuid = {A1F8B8E3-AD8D-421C-BC38-CEE93BB8006B}
	EndGlobalSection
EndGlobal
